
Microsoft Visual Studio Solution File, Format Version 12.00
# Visual Studio Version 17
VisualStudioVersion = 17.6.33801.468
MinimumVisualStudioVersion = 10.0.40219.1
Project("{9A19103F-16F7-4668-BE54-9A1E7A4F7556}") = "BethanyPieShopRazor.App", "BethanyPieShopRazor.App\BethanyPieShopRazor.App.csproj", "{6960A067-30FD-4037-9E18-4A997B9885D5}"
EndProject
Project("{9A19103F-16F7-4668-BE54-9A1E7A4F7556}") = "BethanysPieShopHRM.Shared", "BethanysPieShopHRM.Shared\BethanysPieShopHRM.Shared.csproj", "{51FA5AA7-218C-4E7E-BD2A-5D94735CFC79}"
EndProject
Project("{9A19103F-16F7-4668-BE54-9A1E7A4F7556}") = "BethanyPieShopRazor.API", "BethanyPieShopRazor.API\BethanyPieShopRazor.API.csproj", "{1485C94E-946F-45C3-B3F5-E9FAF43234C0}"
EndProject
Project("{9A19103F-16F7-4668-BE54-9A1E7A4F7556}") = "BethanysPieShopHRM.ComponentsLibrary", "BethanysPieShopHRM.ComponentsLibrary\BethanysPieShopHRM.ComponentsLibrary.csproj", "{672DE10F-1F20-4E55-8B1F-86FD3438349B}"
EndProject
Global
	GlobalSection(SolutionConfigurationPlatforms) = preSolution
		Debug|Any CPU = Debug|Any CPU
		Release|Any CPU = Release|Any CPU
	EndGlobalSection
	GlobalSection(ProjectConfigurationPlatforms) = postSolution
		{6960A067-30FD-4037-9E18-4A997B9885D5}.Debug|Any CPU.ActiveCfg = Debug|Any CPU
		{6960A067-30FD-4037-9E18-4A997B9885D5}.Debug|Any CPU.Build.0 = Debug|Any CPU
		{6960A067-30FD-4037-9E18-4A997B9885D5}.Release|Any CPU.ActiveCfg = Release|Any CPU
		{6960A067-30FD-4037-9E18-4A997B9885D5}.Release|Any CPU.Build.0 = Release|Any CPU
		{51FA5AA7-218C-4E7E-BD2A-5D94735CFC79}.Debug|Any CPU.ActiveCfg = Debug|Any CPU
		{51FA5AA7-218C-4E7E-BD2A-5D94735CFC79}.Debug|Any CPU.Build.0 = Debug|Any CPU
		{51FA5AA7-218C-4E7E-BD2A-5D94735CFC79}.Release|Any CPU.ActiveCfg = Release|Any CPU
		{51FA5AA7-218C-4E7E-BD2A-5D94735CFC79}.Release|Any CPU.Build.0 = Release|Any CPU
		{1485C94E-946F-45C3-B3F5-E9FAF43234C0}.Debug|Any CPU.ActiveCfg = Debug|Any CPU
		{1485C94E-946F-45C3-B3F5-E9FAF43234C0}.Debug|Any CPU.Build.0 = Debug|Any CPU
		{1485C94E-946F-45C3-B3F5-E9FAF43234C0}.Release|Any CPU.ActiveCfg = Release|Any CPU
		{1485C94E-946F-45C3-B3F5-E9FAF43234C0}.Release|Any CPU.Build.0 = Release|Any CPU
		{672DE10F-1F20-4E55-8B1F-86FD3438349B}.Debug|Any CPU.ActiveCfg = Debug|Any CPU
		{672DE10F-1F20-4E55-8B1F-86FD3438349B}.Debug|Any CPU.Build.0 = Debug|Any CPU
		{672DE10F-1F20-4E55-8B1F-86FD3438349B}.Release|Any CPU.ActiveCfg = Release|Any CPU
		{672DE10F-1F20-4E55-8B1F-86FD3438349B}.Release|Any CPU.Build.0 = Release|Any CPU
	EndGlobalSection
	GlobalSection(SolutionProperties) = preSolution
		HideSolutionNode = FALSE
	EndGlobalSection
	GlobalSection(ExtensibilityGlobals) = postSolution
		SolutionGuid = {476D29D7-9EF8-4991-BAE5-D253C5B8E8F6}
	EndGlobalSection
EndGlobal
